
Microsoft Visual Studio Solution File, Format Version 12.00
# Visual Studio Version 16
VisualStudioVersion = 16.0.30517.126
MinimumVisualStudioVersion = 10.0.40219.1
Project("{8BC9CEB8-8B4A-11D0-8D11-00A0C91BC942}") = "VoxelEngine", "VoxelEngine\VoxelEngine.vcxproj", "{A6F2802C-C7BC-48F8-8A55-5D9AD35CC816}"
EndProject
Global
	GlobalSection(SolutionConfigurationPlatforms) = preSolution
		Debug|x64 = Debug|x64
		Debug|x86 = Debug|x86
		Release|x64 = Release|x64
		Release|x86 = Release|x86
	EndGlobalSection
	GlobalSection(ProjectConfigurationPlatforms) = postSolution
		{A6F2802C-C7BC-48F8-8A55-5D9AD35CC816}.Debug|x64.ActiveCfg = Debug|x64
		{A6F2802C-C7BC-48F8-8A55-5D9AD35CC816}.Debug|x64.Build.0 = Debug|x64
		{A6F2802C-C7BC-48F8-8A55-5D9AD35CC816}.Debug|x86.ActiveCfg = Debug|Win32
		{A6F2802C-C7BC-48F8-8A55-5D9AD35CC816}.Debug|x86.Build.0 = Debug|Win32
		{A6F2802C-C7BC-48F8-8A55-5D9AD35CC816}.Release|x64.ActiveCfg = Release|x64
		{A6F2802C-C7BC-48F8-8A55-5D9AD35CC816}.Release|x64.Build.0 = Release|x64
		{A6F2802C-C7BC-48F8-8A55-5D9AD35CC816}.Release|x86.ActiveCfg = Release|Win32
		{A6F2802C-C7BC-48F8-8A55-5D9AD35CC816}.Release|x86.Build.0 = Release|Win32
	EndGlobalSection
	GlobalSection(SolutionProperties) = preSolution
		HideSolutionNode = FALSE
	EndGlobalSection
	GlobalSection(ExtensibilityGlobals) = postSolution
		SolutionGuid = {01FA0142-9194-46C3-B982-4FDE6790525D}
	EndGlobalSection
EndGlobal
